
Microsoft Visual Studio Solution File, Format Version 12.00
# Visual Studio Version 16
VisualStudioVersion = 16.0.29021.104
MinimumVisualStudioVersion = 10.0.40219.1
Project("{8BC9CEB8-8B4A-11D0-8D11-00A0C91BC942}") = "CDataTime", "CDataTime\CDataTime.vcxproj", "{F26027AA-A0FF-4734-83AD-4B9A77B18FC7}"
EndProject
Global
	GlobalSection(SolutionConfigurationPlatforms) = preSolution
		Debug|x64 = Debug|x64
		Debug|x86 = Debug|x86
		Release|x64 = Release|x64
		Release|x86 = Release|x86
	EndGlobalSection
	GlobalSection(ProjectConfigurationPlatforms) = postSolution
		{F26027AA-A0FF-4734-83AD-4B9A77B18FC7}.Debug|x64.ActiveCfg = Debug|x64
		{F26027AA-A0FF-4734-83AD-4B9A77B18FC7}.Debug|x64.Build.0 = Debug|x64
		{F26027AA-A0FF-4734-83AD-4B9A77B18FC7}.Debug|x86.ActiveCfg = Debug|Win32
		{F26027AA-A0FF-4734-83AD-4B9A77B18FC7}.Debug|x86.Build.0 = Debug|Win32
		{F26027AA-A0FF-4734-83AD-4B9A77B18FC7}.Release|x64.ActiveCfg = Release|x64
		{F26027AA-A0FF-4734-83AD-4B9A77B18FC7}.Release|x64.Build.0 = Release|x64
		{F26027AA-A0FF-4734-83AD-4B9A77B18FC7}.Release|x86.ActiveCfg = Release|Win32
		{F26027AA-A0FF-4734-83AD-4B9A77B18FC7}.Release|x86.Build.0 = Release|Win32
	EndGlobalSection
	GlobalSection(SolutionProperties) = preSolution
		HideSolutionNode = FALSE
	EndGlobalSection
	GlobalSection(ExtensibilityGlobals) = postSolution
		SolutionGuid = {2EBFD657-9C9A-4406-961F-0618401D183D}
	EndGlobalSection
EndGlobal
