
Microsoft Visual Studio Solution File, Format Version 12.00
# Visual Studio Version 16
VisualStudioVersion = 16.0.29021.104
MinimumVisualStudioVersion = 10.0.40219.1
Project("{8BC9CEB8-8B4A-11D0-8D11-00A0C91BC942}") = "assert问题", "assert问题\assert问题.vcxproj", "{389E4236-E1BE-4407-8C67-E9EE8DAD0FED}"
EndProject
Global
	GlobalSection(SolutionConfigurationPlatforms) = preSolution
		Debug|x64 = Debug|x64
		Debug|x86 = Debug|x86
		Release|x64 = Release|x64
		Release|x86 = Release|x86
	EndGlobalSection
	GlobalSection(ProjectConfigurationPlatforms) = postSolution
		{389E4236-E1BE-4407-8C67-E9EE8DAD0FED}.Debug|x64.ActiveCfg = Debug|x64
		{389E4236-E1BE-4407-8C67-E9EE8DAD0FED}.Debug|x64.Build.0 = Debug|x64
		{389E4236-E1BE-4407-8C67-E9EE8DAD0FED}.Debug|x86.ActiveCfg = Debug|Win32
		{389E4236-E1BE-4407-8C67-E9EE8DAD0FED}.Debug|x86.Build.0 = Debug|Win32
		{389E4236-E1BE-4407-8C67-E9EE8DAD0FED}.Release|x64.ActiveCfg = Release|x64
		{389E4236-E1BE-4407-8C67-E9EE8DAD0FED}.Release|x64.Build.0 = Release|x64
		{389E4236-E1BE-4407-8C67-E9EE8DAD0FED}.Release|x86.ActiveCfg = Release|Win32
		{389E4236-E1BE-4407-8C67-E9EE8DAD0FED}.Release|x86.Build.0 = Release|Win32
	EndGlobalSection
	GlobalSection(SolutionProperties) = preSolution
		HideSolutionNode = FALSE
	EndGlobalSection
	GlobalSection(ExtensibilityGlobals) = postSolution
		SolutionGuid = {5D375821-1097-4C41-BC11-66E55A7DD60F}
	EndGlobalSection
EndGlobal
