
Microsoft Visual Studio Solution File, Format Version 12.00
# Visual Studio Version 16
VisualStudioVersion = 16.0.29512.175
MinimumVisualStudioVersion = 10.0.40219.1
Project("{8BC9CEB8-8B4A-11D0-8D11-00A0C91BC942}") = "类型萃取实现拷贝方法的通用性", "类型萃取实现拷贝方法的通用性\类型萃取实现拷贝方法的通用性.vcxproj", "{B2F31F89-17EE-4CCF-A5C7-C8DF6685D3D4}"
EndProject
Global
	GlobalSection(SolutionConfigurationPlatforms) = preSolution
		Debug|x64 = Debug|x64
		Debug|x86 = Debug|x86
		Release|x64 = Release|x64
		Release|x86 = Release|x86
	EndGlobalSection
	GlobalSection(ProjectConfigurationPlatforms) = postSolution
		{B2F31F89-17EE-4CCF-A5C7-C8DF6685D3D4}.Debug|x64.ActiveCfg = Debug|x64
		{B2F31F89-17EE-4CCF-A5C7-C8DF6685D3D4}.Debug|x64.Build.0 = Debug|x64
		{B2F31F89-17EE-4CCF-A5C7-C8DF6685D3D4}.Debug|x86.ActiveCfg = Debug|Win32
		{B2F31F89-17EE-4CCF-A5C7-C8DF6685D3D4}.Debug|x86.Build.0 = Debug|Win32
		{B2F31F89-17EE-4CCF-A5C7-C8DF6685D3D4}.Release|x64.ActiveCfg = Release|x64
		{B2F31F89-17EE-4CCF-A5C7-C8DF6685D3D4}.Release|x64.Build.0 = Release|x64
		{B2F31F89-17EE-4CCF-A5C7-C8DF6685D3D4}.Release|x86.ActiveCfg = Release|Win32
		{B2F31F89-17EE-4CCF-A5C7-C8DF6685D3D4}.Release|x86.Build.0 = Release|Win32
	EndGlobalSection
	GlobalSection(SolutionProperties) = preSolution
		HideSolutionNode = FALSE
	EndGlobalSection
	GlobalSection(ExtensibilityGlobals) = postSolution
		SolutionGuid = {9A87378F-E2EF-42B3-8DA9-596BC57F1474}
	EndGlobalSection
EndGlobal
